
Microsoft Visual Studio Solution File, Format Version 12.00
# Visual Studio Version 17
VisualStudioVersion = 17.4.33122.133
MinimumVisualStudioVersion = 10.0.40219.1
Project("{9A19103F-16F7-4668-BE54-9A1E7A4F7556}") = "ToDo.App.Server", "ToDo.App\Server\ToDo.App.Server.csproj", "{2D294553-0BF4-4121-B594-EB83740E9F5A}"
EndProject
Project("{9A19103F-16F7-4668-BE54-9A1E7A4F7556}") = "ToDo.App.Client", "ToDo.App\Client\ToDo.App.Client.csproj", "{60EC36BD-1A44-4107-BEF8-E8B0EFD6B3C0}"
EndProject
Project("{9A19103F-16F7-4668-BE54-9A1E7A4F7556}") = "ToDo.App.Shared", "ToDo.App\Shared\ToDo.App.Shared.csproj", "{39BFCE46-7F87-4654-9318-C888148C7508}"
EndProject
Project("{9A19103F-16F7-4668-BE54-9A1E7A4F7556}") = "ToDo.App.DataStore", "ToDo.App.DataStore\ToDo.App.DataStore.csproj", "{B2F04BA0-E5B0-4307-B8F6-CA03CB7519D2}"
EndProject
Global
	GlobalSection(SolutionConfigurationPlatforms) = preSolution
		Debug|Any CPU = Debug|Any CPU
		Release|Any CPU = Release|Any CPU
	EndGlobalSection
	GlobalSection(ProjectConfigurationPlatforms) = postSolution
		{2D294553-0BF4-4121-B594-EB83740E9F5A}.Debug|Any CPU.ActiveCfg = Debug|Any CPU
		{2D294553-0BF4-4121-B594-EB83740E9F5A}.Debug|Any CPU.Build.0 = Debug|Any CPU
		{2D294553-0BF4-4121-B594-EB83740E9F5A}.Release|Any CPU.ActiveCfg = Release|Any CPU
		{2D294553-0BF4-4121-B594-EB83740E9F5A}.Release|Any CPU.Build.0 = Release|Any CPU
		{60EC36BD-1A44-4107-BEF8-E8B0EFD6B3C0}.Debug|Any CPU.ActiveCfg = Debug|Any CPU
		{60EC36BD-1A44-4107-BEF8-E8B0EFD6B3C0}.Debug|Any CPU.Build.0 = Debug|Any CPU
		{60EC36BD-1A44-4107-BEF8-E8B0EFD6B3C0}.Release|Any CPU.ActiveCfg = Release|Any CPU
		{60EC36BD-1A44-4107-BEF8-E8B0EFD6B3C0}.Release|Any CPU.Build.0 = Release|Any CPU
		{39BFCE46-7F87-4654-9318-C888148C7508}.Debug|Any CPU.ActiveCfg = Debug|Any CPU
		{39BFCE46-7F87-4654-9318-C888148C7508}.Debug|Any CPU.Build.0 = Debug|Any CPU
		{39BFCE46-7F87-4654-9318-C888148C7508}.Release|Any CPU.ActiveCfg = Release|Any CPU
		{39BFCE46-7F87-4654-9318-C888148C7508}.Release|Any CPU.Build.0 = Release|Any CPU
		{B2F04BA0-E5B0-4307-B8F6-CA03CB7519D2}.Debug|Any CPU.ActiveCfg = Debug|Any CPU
		{B2F04BA0-E5B0-4307-B8F6-CA03CB7519D2}.Debug|Any CPU.Build.0 = Debug|Any CPU
		{B2F04BA0-E5B0-4307-B8F6-CA03CB7519D2}.Release|Any CPU.ActiveCfg = Release|Any CPU
		{B2F04BA0-E5B0-4307-B8F6-CA03CB7519D2}.Release|Any CPU.Build.0 = Release|Any CPU
	EndGlobalSection
	GlobalSection(SolutionProperties) = preSolution
		HideSolutionNode = FALSE
	EndGlobalSection
	GlobalSection(ExtensibilityGlobals) = postSolution
		SolutionGuid = {65C3423C-0B08-4D5C-9717-2E0B66A52634}
	EndGlobalSection
EndGlobal
